
Microsoft Visual Studio Solution File, Format Version 11.00
# Visual Studio 2010
Project("{911E67C6-3D85-4FCE-B560-20A9C3E3FF48}") = "xoaProc", "..\Visual Studio 2010\Projects\xoaProc\bin\Debug\xoaProc.exe", "{FA7AFE9C-1454-4D3E-A112-7E2376526B42}"
	ProjectSection(DebuggerProjectSystem) = preProject
		PortSupplier = 00000000-0000-0000-0000-000000000000
		Executable = D:\Visual Studio 2010\Projects\xoaProc\bin\Debug\xoaProc.exe
		RemoteMachine = D15
		StartingDirectory = D:\Visual Studio 2010\Projects\xoaProc\bin\Debug
		Environment = Default
		LaunchingEngine = 00000000-0000-0000-0000-000000000000
		LaunchSQLEngine = No
		AttachLaunchAction = No
	EndProjectSection
EndProject
Global
	GlobalSection(SolutionConfigurationPlatforms) = preSolution
		Debug|x86 = Debug|x86
	EndGlobalSection
	GlobalSection(ProjectConfigurationPlatforms) = postSolution
		{FA7AFE9C-1454-4D3E-A112-7E2376526B42}.Debug|x86.ActiveCfg = Debug|x86
	EndGlobalSection
	GlobalSection(SolutionProperties) = preSolution
		HideSolutionNode = FALSE
	EndGlobalSection
EndGlobal
