
Microsoft Visual Studio Solution File, Format Version 11.00
# Visual Studio 2010
Project("{FAE04EC0-301F-11D3-BF4B-00C04F79EFBC}") = "xoaCSDL", "xoaCSDL.csproj", "{B1EE3A46-3AB9-4AA2-AD52-EA36222C968E}"
EndProject
Global
	GlobalSection(SolutionConfigurationPlatforms) = preSolution
		Debug|x86 = Debug|x86
		Release|x86 = Release|x86
	EndGlobalSection
	GlobalSection(ProjectConfigurationPlatforms) = postSolution
		{B1EE3A46-3AB9-4AA2-AD52-EA36222C968E}.Debug|x86.ActiveCfg = Debug|x86
		{B1EE3A46-3AB9-4AA2-AD52-EA36222C968E}.Debug|x86.Build.0 = Debug|x86
		{B1EE3A46-3AB9-4AA2-AD52-EA36222C968E}.Release|x86.ActiveCfg = Release|x86
		{B1EE3A46-3AB9-4AA2-AD52-EA36222C968E}.Release|x86.Build.0 = Release|x86
	EndGlobalSection
	GlobalSection(SolutionProperties) = preSolution
		HideSolutionNode = FALSE
	EndGlobalSection
EndGlobal
